{
  "name": "calc-math",
  "version": "1.0.0",
  "lockfileVersion": 3,
  "requires": true,
  "packages": {
    "": {
      "name": "calc-math",
      "version": "1.0.0",
      "license": "ISC",
      "dependencies": {
        "pacote-math": "file:../pacote-math"
      }
    },
    "../pacote-math": {
      "version": "1.0.0",
      "license": "ISC"
    },
    "node_modules/pacote-math": {
      "resolved": "../pacote-math",
      "link": true
    }
  }
}
